{
  "lockfileVersion": 1,
  "configVersion": 1,
  "workspaces": {
    "": {
      "name": "@typeflow/converters",
      "devDependencies": {
        "@napi-rs/cli": "^2.18.4",
      },
      "optionalDependencies": {
        "@typeflow/converters-darwin-arm64": "0.0.1",
        "@typeflow/converters-darwin-x64": "0.0.1",
        "@typeflow/converters-linux-x64-gnu": "0.0.1",
        "@typeflow/converters-win32-x64-msvc": "0.0.1",
      },
    },
  },
  "packages": {
    "@napi-rs/cli": ["@napi-rs/cli@2.18.4", "", { "bin": { "napi": "scripts/index.js" } }, "sha512-SgJeA4df9DE2iAEpr3M2H0OKl/yjtg1BnRI5/JyowS71tUWhrfSu2LT0V3vlHET+g1hBVlrO60PmEXwUEKp8Mg=="],
  }
}
