{
  "lockfileVersion": 1,
  "configVersion": 1,
  "workspaces": {
    "": {
      "name": "@typeflow/benchmarks",
      "devDependencies": {
        "jq-wasm": "^3.0.0-jq-1.8.2",
        "jsonata": "^2.2.1",
      },
    },
  },
  "packages": {
    "jq-wasm": ["jq-wasm@3.0.0-jq-1.8.2", "", {}, "sha512-jgWSEBJSd0lYR4Q5Fw8333MxQS5jCRI+g9KwAGL7yK1spwzTJy8C5uOS08wbpKE0Gz8oQYLlRpNLE/W70Ksp2g=="],

    "jsonata": ["jsonata@2.2.1", "", {}, "sha512-xd1uwUrKeIcJbsWhaoS3qAX4Ea8m0Mw0G5nlnAQvPT7TbZ5qaPdzBVTQia9KfyuyQm+nenfyjvzUDTRYHsC2sw=="],
  }
}
